
Microsoft Visual Studio Solution File, Format Version 12.00
# Visual Studio 15
VisualStudioVersion = 15.0.28307.329
MinimumVisualStudioVersion = 10.0.40219.1
Project("{FAE04EC0-301F-11D3-BF4B-00C04F79EFBC}") = "BoundaryTraversal", "BoundaryTraversal\BoundaryTraversal.csproj", "{566BCF70-13F3-4C1F-B0D3-17938C5D2764}"
EndProject
Global
	GlobalSection(SolutionConfigurationPlatforms) = preSolution
		Debug|Any CPU = Debug|Any CPU
		Release|Any CPU = Release|Any CPU
	EndGlobalSection
	GlobalSection(ProjectConfigurationPlatforms) = postSolution
		{566BCF70-13F3-4C1F-B0D3-17938C5D2764}.Debug|Any CPU.ActiveCfg = Debug|Any CPU
		{566BCF70-13F3-4C1F-B0D3-17938C5D2764}.Debug|Any CPU.Build.0 = Debug|Any CPU
		{566BCF70-13F3-4C1F-B0D3-17938C5D2764}.Release|Any CPU.ActiveCfg = Release|Any CPU
		{566BCF70-13F3-4C1F-B0D3-17938C5D2764}.Release|Any CPU.Build.0 = Release|Any CPU
	EndGlobalSection
	GlobalSection(SolutionProperties) = preSolution
		HideSolutionNode = FALSE
	EndGlobalSection
	GlobalSection(ExtensibilityGlobals) = postSolution
		SolutionGuid = {3533620D-12DD-4426-84B4-4F8C0EE03093}
	EndGlobalSection
EndGlobal
